
Microsoft Visual Studio Solution File, Format Version 12.00
# Visual Studio Version 17
VisualStudioVersion = 17.10.34916.146
MinimumVisualStudioVersion = 10.0.40219.1
Project("{FAE04EC0-301F-11D3-BF4B-00C04F79EFBC}") = "OcelotGateway", "OcelotGateway\OcelotGateway.csproj", "{6BFC9D90-CB43-488C-BC01-CE1B574220B7}"
EndProject
Global
	GlobalSection(SolutionConfigurationPlatforms) = preSolution
		Debug|Any CPU = Debug|Any CPU
		Release|Any CPU = Release|Any CPU
	EndGlobalSection
	GlobalSection(ProjectConfigurationPlatforms) = postSolution
		{6BFC9D90-CB43-488C-BC01-CE1B574220B7}.Debug|Any CPU.ActiveCfg = Debug|Any CPU
		{6BFC9D90-CB43-488C-BC01-CE1B574220B7}.Debug|Any CPU.Build.0 = Debug|Any CPU
		{6BFC9D90-CB43-488C-BC01-CE1B574220B7}.Release|Any CPU.ActiveCfg = Release|Any CPU
		{6BFC9D90-CB43-488C-BC01-CE1B574220B7}.Release|Any CPU.Build.0 = Release|Any CPU
	EndGlobalSection
	GlobalSection(SolutionProperties) = preSolution
		HideSolutionNode = FALSE
	EndGlobalSection
	GlobalSection(ExtensibilityGlobals) = postSolution
		SolutionGuid = {8F5057C5-93D0-427E-8AEC-E1A25AC1DCB3}
	EndGlobalSection
EndGlobal
